<?xml version="1.0" encoding="utf-8"?>
<Project ToolsVersion="4.0" xmlns="http://schemas.microsoft.com/developer/msbuild/2003">
  <ItemGroup>
    <Filter Include="Source Files">
      <UniqueIdentifier>{4FC737F1-C7A5-4376-A066-2A32D752A2FF}</UniqueIdentifier>
      <Extensions>cpp;c;cc;cxx;c++;cppm;ixx;def;odl;idl;hpj;bat;asm;asmx</Extensions>
    </Filter>
    <Filter Include="Core">
      <UniqueIdentifier>{34eb5bed-3d34-4c99-8489-420c0d157d71}</UniqueIdentifier>
    </Filter>
    <Filter Include="Core\Levels">
      <UniqueIdentifier>{386324e4-ce07-4b61-841a-1c8f1aab9d04}</UniqueIdentifier>
    </Filter>
    <Filter Include="Core\Commands">
      <UniqueIdentifier>{2999c49e-8616-4772-804b-14477399c5b1}</UniqueIdentifier>
    </Filter>
    <Filter Include="Core\Components">
      <UniqueIdentifier>{38725e03-a4bf-4c23-aaea-bd3385abeced}</UniqueIdentifier>
    </Filter>
    <Filter Include="Core\Managers">
      <UniqueIdentifier>{a3985efc-be50-4da0-9013-ef983e3d1af2}</UniqueIdentifier>
    </Filter>
    <Filter Include="Core\Components\Enemies">
      <UniqueIdentifier>{15a30189-215a-4871-b153-92136af25098}</UniqueIdentifier>
    </Filter>
    <Filter Include="Core\Components\HUD">
      <UniqueIdentifier>{c060f4ab-6bbf-4a4f-929e-b0ad91b49887}</UniqueIdentifier>
    </Filter>
  </ItemGroup>
  <ItemGroup>
    <ClCompile Include="LevelLoader.cpp">
      <Filter>Core\Levels</Filter>
    </ClCompile>
    <ClCompile Include="Level.cpp">
      <Filter>Core\Levels</Filter>
    </ClCompile>
    <ClCompile Include="..\Minigin\MoveCommand.cpp">
      <Filter>Core\Commands</Filter>
    </ClCompile>
    <ClCompile Include="PlaySoundCommand.cpp">
      <Filter>Core\Commands</Filter>
    </ClCompile>
    <ClCompile Include="PlayerComponent.cpp">
      <Filter>Core\Components</Filter>
    </ClCompile>
    <ClCompile Include="..\Minigin\RigidbodyMoveCommand.cpp">
      <Filter>Core\Commands</Filter>
    </ClCompile>
    <ClCompile Include="RigidbodyJumpCommand.cpp">
      <Filter>Core\Commands</Filter>
    </ClCompile>
    <ClCompile Include="GameManager.cpp">
      <Filter>Core\Managers</Filter>
    </ClCompile>
    <ClCompile Include="LoadNextLevelCommand.cpp">
      <Filter>Core\Commands</Filter>
    </ClCompile>
    <ClCompile Include="BubbleComponent.cpp">
      <Filter>Core\Components</Filter>
    </ClCompile>
    <ClCompile Include="BubbleBobble.cpp">
      <Filter>Source Files</Filter>
    </ClCompile>
    <ClCompile Include="BlowBubbleCommand.cpp">
      <Filter>Core\Commands</Filter>
    </ClCompile>
    <ClCompile Include="EnemyBehavior.cpp">
      <Filter>Core\Components\Enemies</Filter>
    </ClCompile>
    <ClCompile Include="ZenChanBehavior.cpp">
      <Filter>Core\Components\Enemies</Filter>
    </ClCompile>
    <ClCompile Include="MaitaBehavior.cpp">
      <Filter>Core\Components\Enemies</Filter>
    </ClCompile>
    <ClCompile Include="PickupComponent.cpp">
      <Filter>Core\Components</Filter>
    </ClCompile>
    <ClCompile Include="HUDComponent.cpp">
      <Filter>Core\Components\HUD</Filter>
    </ClCompile>
    <ClCompile Include="ScoreDisplayComponent.cpp">
      <Filter>Core\Components\HUD</Filter>
    </ClCompile>
    <ClCompile Include="BoulderComponent.cpp">
      <Filter>Core\Components\Enemies</Filter>
    </ClCompile>
    <ClCompile Include="GameStateComponent.cpp">
      <Filter>Core\Components</Filter>
    </ClCompile>
  </ItemGroup>
  <ItemGroup>
    <ClInclude Include="LevelLoader.h">
      <Filter>Core\Levels</Filter>
    </ClInclude>
    <ClInclude Include="Level.h">
      <Filter>Core\Levels</Filter>
    </ClInclude>
    <ClInclude Include="..\Minigin\MoveCommand.h">
      <Filter>Core\Commands</Filter>
    </ClInclude>
    <ClInclude Include="PlaySoundCommand.h">
      <Filter>Core\Commands</Filter>
    </ClInclude>
    <ClInclude Include="PlayerComponent.h">
      <Filter>Core\Components</Filter>
    </ClInclude>
    <ClInclude Include="..\Minigin\RigidbodyMoveCommand.h">
      <Filter>Core\Commands</Filter>
    </ClInclude>
    <ClInclude Include="RigidbodyJumpCommand.h">
      <Filter>Core\Commands</Filter>
    </ClInclude>
    <ClInclude Include="GameManager.h">
      <Filter>Core\Managers</Filter>
    </ClInclude>
    <ClInclude Include="LoadNextLevelCommand.h">
      <Filter>Core\Commands</Filter>
    </ClInclude>
    <ClInclude Include="BubbleComponent.h">
      <Filter>Core\Components</Filter>
    </ClInclude>
    <ClInclude Include="BlowBubbleCommand.h">
      <Filter>Core\Commands</Filter>
    </ClInclude>
    <ClInclude Include="EnemyBehavior.h">
      <Filter>Core\Components\Enemies</Filter>
    </ClInclude>
    <ClInclude Include="ZenChanBehavior.h">
      <Filter>Core\Components\Enemies</Filter>
    </ClInclude>
    <ClInclude Include="MaitaBehavior.h">
      <Filter>Core\Components\Enemies</Filter>
    </ClInclude>
    <ClInclude Include="PickupComponent.h">
      <Filter>Core\Components</Filter>
    </ClInclude>
    <ClInclude Include="HUDComponent.h">
      <Filter>Core\Components\HUD</Filter>
    </ClInclude>
    <ClInclude Include="ScoreDisplayComponent.h">
      <Filter>Core\Components\HUD</Filter>
    </ClInclude>
    <ClInclude Include="BoulderComponent.h">
      <Filter>Core\Components\Enemies</Filter>
    </ClInclude>
    <ClInclude Include="GameStateComponent.h">
      <Filter>Core\Components</Filter>
    </ClInclude>
  </ItemGroup>
</Project>