<?xml version="1.0" encoding="utf-8"?>
<Project ToolsVersion="4.0" xmlns="http://schemas.microsoft.com/developer/msbuild/2003">
  <ItemGroup>
    <Filter Include="Source Files">
      <UniqueIdentifier>{4FC737F1-C7A5-4376-A066-2A32D752A2FF}</UniqueIdentifier>
      <Extensions>cpp;c;cc;cxx;def;odl;idl;hpj;bat;asm;asmx</Extensions>
    </Filter>
    <Filter Include="Header Files">
      <UniqueIdentifier>{93995380-89BD-4b04-88EB-625FBE52EBFB}</UniqueIdentifier>
      <Extensions>h;hh;hpp;hxx;hm;inl;inc;xsd</Extensions>
    </Filter>
    <Filter Include="Core">
      <UniqueIdentifier>{490cb770-4cbf-4899-8b93-774b757449b8}</UniqueIdentifier>
    </Filter>
    <Filter Include="Core\Components">
      <UniqueIdentifier>{4df30999-d9db-4171-ab27-895bd7ab6035}</UniqueIdentifier>
    </Filter>
    <Filter Include="Header Files\imgui">
      <UniqueIdentifier>{e01ec9f9-823e-4d08-a42c-e917dc3c5cdc}</UniqueIdentifier>
    </Filter>
    <Filter Include="Source Files\imgui">
      <UniqueIdentifier>{5f12992f-812d-43f2-bf33-168b5d19d2bf}</UniqueIdentifier>
    </Filter>
    <Filter Include="Core\Commands">
      <UniqueIdentifier>{6cb77654-586a-4fc9-a0d7-7d680521d919}</UniqueIdentifier>
    </Filter>
    <Filter Include="Core\Input">
      <UniqueIdentifier>{b3213836-236a-4cb2-aef0-686cb22388aa}</UniqueIdentifier>
    </Filter>
    <Filter Include="Core\Components\UI">
      <UniqueIdentifier>{6b6dce45-fea9-4a10-874c-5d178ce7a696}</UniqueIdentifier>
    </Filter>
    <Filter Include="Core\Events">
      <UniqueIdentifier>{be50bbbc-7d07-479d-8ade-55e6806e4b22}</UniqueIdentifier>
    </Filter>
    <Filter Include="Core\Sound">
      <UniqueIdentifier>{4ef27073-704d-4e7a-9540-4c97a7f0b482}</UniqueIdentifier>
    </Filter>
    <Filter Include="Core\Components\Physics">
      <UniqueIdentifier>{84642696-c1e8-4822-b4d5-df3eed970575}</UniqueIdentifier>
    </Filter>
    <Filter Include="Core\Components\Graphics">
      <UniqueIdentifier>{dda54f23-31e0-4bc0-b3d2-0bf8e0e3c4c5}</UniqueIdentifier>
    </Filter>
  </ItemGroup>
  <ItemGroup>
    <ClInclude Include="Singleton.h">
      <Filter>Header Files</Filter>
    </ClInclude>
    <ClInclude Include="ResourceManager.h">
      <Filter>Header Files</Filter>
    </ClInclude>
    <ClInclude Include="Renderer.h">
      <Filter>Header Files</Filter>
    </ClInclude>
    <ClInclude Include="Texture2D.h">
      <Filter>Header Files</Filter>
    </ClInclude>
    <ClInclude Include="GameObject.h">
      <Filter>Header Files</Filter>
    </ClInclude>
    <ClInclude Include="Scene.h">
      <Filter>Header Files</Filter>
    </ClInclude>
    <ClInclude Include="SceneManager.h">
      <Filter>Header Files</Filter>
    </ClInclude>
    <ClInclude Include="Font.h">
      <Filter>Header Files</Filter>
    </ClInclude>
    <ClInclude Include="Minigin.h">
      <Filter>Header Files</Filter>
    </ClInclude>
    <ClInclude Include="Timer.h">
      <Filter>Core</Filter>
    </ClInclude>
    <ClInclude Include="Component.h">
      <Filter>Core\Components</Filter>
    </ClInclude>
    <ClInclude Include="TransformComponent.h">
      <Filter>Core\Components</Filter>
    </ClInclude>
    <ClInclude Include="RotatorComponent.h">
      <Filter>Core\Components</Filter>
    </ClInclude>
    <ClInclude Include="..\3rdParty\imgui\imstb_truetype.h">
      <Filter>Header Files\imgui</Filter>
    </ClInclude>
    <ClInclude Include="..\3rdParty\imgui\imconfig.h">
      <Filter>Header Files\imgui</Filter>
    </ClInclude>
    <ClInclude Include="..\3rdParty\imgui\imgui.h">
      <Filter>Header Files\imgui</Filter>
    </ClInclude>
    <ClInclude Include="..\3rdParty\imgui\imgui_internal.h">
      <Filter>Header Files\imgui</Filter>
    </ClInclude>
    <ClInclude Include="..\3rdParty\imgui\imstb_rectpack.h">
      <Filter>Header Files\imgui</Filter>
    </ClInclude>
    <ClInclude Include="..\3rdParty\imgui\imstb_textedit.h">
      <Filter>Header Files\imgui</Filter>
    </ClInclude>
    <ClInclude Include="..\3rdParty\imgui\backends\imgui_impl_opengl2.h">
      <Filter>Header Files\imgui</Filter>
    </ClInclude>
    <ClInclude Include="..\3rdParty\imgui\backends\imgui_impl_sdl2.h">
      <Filter>Header Files\imgui</Filter>
    </ClInclude>
    <ClInclude Include="..\3rdParty\imgui\imgui_plot.h">
      <Filter>Header Files\imgui</Filter>
    </ClInclude>
    <ClInclude Include="Command.h">
      <Filter>Core\Commands</Filter>
    </ClInclude>
    <ClInclude Include="InputManager.h">
      <Filter>Core\Input</Filter>
    </ClInclude>
    <ClInclude Include="Keyboard.h">
      <Filter>Core\Input</Filter>
    </ClInclude>
    <ClInclude Include="XboxController.h">
      <Filter>Core\Input</Filter>
    </ClInclude>
    <ClInclude Include="FPSComponent.h">
      <Filter>Core\Components\UI</Filter>
    </ClInclude>
    <ClInclude Include="TextComponent.h">
      <Filter>Core\Components\UI</Filter>
    </ClInclude>
    <ClInclude Include="EventManager.h">
      <Filter>Core\Events</Filter>
    </ClInclude>
    <ClInclude Include="Subject.h">
      <Filter>Core\Events</Filter>
    </ClInclude>
    <ClInclude Include="Observer.h">
      <Filter>Core\Events</Filter>
    </ClInclude>
    <ClInclude Include="SoundSystem.h">
      <Filter>Core\Sound</Filter>
    </ClInclude>
    <ClInclude Include="ServiceLocator.h">
      <Filter>Core\Sound</Filter>
    </ClInclude>
    <ClInclude Include="SDLSoundSystem.h">
      <Filter>Core\Sound</Filter>
    </ClInclude>
    <ClInclude Include="LoggingSoundSystem.h">
      <Filter>Core\Sound</Filter>
    </ClInclude>
    <ClInclude Include="ColliderComponent.h">
      <Filter>Core\Components\Physics</Filter>
    </ClInclude>
    <ClInclude Include="RigidbodyComponent.h">
      <Filter>Core\Components\Physics</Filter>
    </ClInclude>
    <ClInclude Include="CollisionSystem.h">
      <Filter>Core\Components\Physics</Filter>
    </ClInclude>
    <ClInclude Include="RenderTextureComponent.h">
      <Filter>Core\Components\Graphics</Filter>
    </ClInclude>
    <ClInclude Include="RenderComponent.h">
      <Filter>Core\Components\Graphics</Filter>
    </ClInclude>
    <ClInclude Include="RenderSpriteComponent.h">
      <Filter>Core\Components\Graphics</Filter>
    </ClInclude>
  </ItemGroup>
  <ItemGroup>
    <ClCompile Include="ResourceManager.cpp">
      <Filter>Source Files</Filter>
    </ClCompile>
    <ClCompile Include="Renderer.cpp">
      <Filter>Source Files</Filter>
    </ClCompile>
    <ClCompile Include="Texture2D.cpp">
      <Filter>Source Files</Filter>
    </ClCompile>
    <ClCompile Include="GameObject.cpp">
      <Filter>Source Files</Filter>
    </ClCompile>
    <ClCompile Include="Scene.cpp">
      <Filter>Source Files</Filter>
    </ClCompile>
    <ClCompile Include="Font.cpp">
      <Filter>Source Files</Filter>
    </ClCompile>
    <ClCompile Include="Minigin.cpp">
      <Filter>Source Files</Filter>
    </ClCompile>
    <ClCompile Include="Timer.cpp">
      <Filter>Core</Filter>
    </ClCompile>
    <ClCompile Include="Component.cpp">
      <Filter>Core\Components</Filter>
    </ClCompile>
    <ClCompile Include="TransformComponent.cpp">
      <Filter>Core\Components</Filter>
    </ClCompile>
    <ClCompile Include="RotatorComponent.cpp">
      <Filter>Core\Components</Filter>
    </ClCompile>
    <ClCompile Include="..\3rdParty\imgui\imgui.cpp">
      <Filter>Source Files\imgui</Filter>
    </ClCompile>
    <ClCompile Include="..\3rdParty\imgui\imgui_demo.cpp">
      <Filter>Source Files\imgui</Filter>
    </ClCompile>
    <ClCompile Include="..\3rdParty\imgui\imgui_draw.cpp">
      <Filter>Source Files\imgui</Filter>
    </ClCompile>
    <ClCompile Include="..\3rdParty\imgui\imgui_tables.cpp">
      <Filter>Source Files\imgui</Filter>
    </ClCompile>
    <ClCompile Include="..\3rdParty\imgui\imgui_widgets.cpp">
      <Filter>Source Files\imgui</Filter>
    </ClCompile>
    <ClCompile Include="..\3rdParty\imgui\backends\imgui_impl_opengl2.cpp">
      <Filter>Source Files\imgui</Filter>
    </ClCompile>
    <ClCompile Include="..\3rdParty\imgui\backends\imgui_impl_sdl2.cpp">
      <Filter>Source Files\imgui</Filter>
    </ClCompile>
    <ClCompile Include="..\3rdParty\imgui\imgui_plot.cpp">
      <Filter>Source Files\imgui</Filter>
    </ClCompile>
    <ClCompile Include="Command.cpp">
      <Filter>Core\Commands</Filter>
    </ClCompile>
    <ClCompile Include="InputManager.cpp">
      <Filter>Core\Input</Filter>
    </ClCompile>
    <ClCompile Include="Keyboard.cpp">
      <Filter>Core\Input</Filter>
    </ClCompile>
    <ClCompile Include="XboxController.cpp">
      <Filter>Core\Input</Filter>
    </ClCompile>
    <ClCompile Include="FPSComponent.cpp">
      <Filter>Core\Components\UI</Filter>
    </ClCompile>
    <ClCompile Include="TextComponent.cpp">
      <Filter>Core\Components\UI</Filter>
    </ClCompile>
    <ClCompile Include="SceneManager.cpp">
      <Filter>Source Files</Filter>
    </ClCompile>
    <ClCompile Include="SDLSoundSystem.cpp">
      <Filter>Core\Sound</Filter>
    </ClCompile>
    <ClCompile Include="ColliderComponent.cpp">
      <Filter>Core\Components\Physics</Filter>
    </ClCompile>
    <ClCompile Include="RigidbodyComponent.cpp">
      <Filter>Core\Components\Physics</Filter>
    </ClCompile>
    <ClCompile Include="RenderComponent.cpp">
      <Filter>Core\Components\Graphics</Filter>
    </ClCompile>
    <ClCompile Include="RenderTextureComponent.cpp">
      <Filter>Core\Components\Graphics</Filter>
    </ClCompile>
    <ClCompile Include="RenderSpriteComponent.cpp">
      <Filter>Core\Components\Graphics</Filter>
    </ClCompile>
  </ItemGroup>
</Project>